# THIS IS AN AUTOGENERATED FILE. DO NOT EDIT THIS FILE DIRECTLY.
# yarn lockfile v1


jquery-mask-plugin@^1.14.11:
  version "1.14.11"
  resolved "https://registry.yarnpkg.com/jquery-mask-plugin/-/jquery-mask-plugin-1.14.11.tgz#57ba598416af6ea7ba9336eacb2a1bf0edbba1db"

jquery@^3.1.1:
  version "3.2.1"
  resolved "https://registry.yarnpkg.com/jquery/-/jquery-3.2.1.tgz#5c4d9de652af6cd0a770154a631bba12b015c787"

vue@^2.3.3:
  version "2.3.3"
  resolved "https://registry.yarnpkg.com/vue/-/vue-2.3.3.tgz#d1eaa8fde5240735a4563e74f2c7fead9cbb064c"
